
Microsoft Visual Studio Solution File, Format Version 12.00
# Visual Studio 15
VisualStudioVersion = 15.0.27428.2043
MinimumVisualStudioVersion = 10.0.40219.1
Project("{FAE04EC0-301F-11D3-BF4B-00C04F79EFBC}") = "DoNetExtension", "DoNetExtension\DoNetExtension.csproj", "{7F45F01D-46B4-49AC-8514-A3F3CF282A63}"
EndProject
Global
	GlobalSection(SolutionConfigurationPlatforms) = preSolution
		Debug|Any CPU = Debug|Any CPU
		Release|Any CPU = Release|Any CPU
	EndGlobalSection
	GlobalSection(ProjectConfigurationPlatforms) = postSolution
		{7F45F01D-46B4-49AC-8514-A3F3CF282A63}.Debug|Any CPU.ActiveCfg = Debug|Any CPU
		{7F45F01D-46B4-49AC-8514-A3F3CF282A63}.Debug|Any CPU.Build.0 = Debug|Any CPU
		{7F45F01D-46B4-49AC-8514-A3F3CF282A63}.Release|Any CPU.ActiveCfg = Release|Any CPU
		{7F45F01D-46B4-49AC-8514-A3F3CF282A63}.Release|Any CPU.Build.0 = Release|Any CPU
	EndGlobalSection
	GlobalSection(SolutionProperties) = preSolution
		HideSolutionNode = FALSE
	EndGlobalSection
	GlobalSection(ExtensibilityGlobals) = postSolution
		SolutionGuid = {B0747579-11BA-4776-8D0F-C883DDEC7BF8}
	EndGlobalSection
EndGlobal
